// !$*UTF8*$!
{
	archiveVersion = 1;
	classes = {
	};
	objectVersion = 50;
	objects = {

/* Begin PBXBuildFile section */
		491DE9DE2758B8640084985B /* RecordListView.swift in Sources */ = {isa = PBXBuildFile; fileRef = 491DE9DD2758B8640084985B /* RecordListView.swift */; };
		4925089B26DCF7D3005169AE /* TapRecoApp.swift in Sources */ = {isa = PBXBuildFile; fileRef = 4925089A26DCF7D3005169AE /* TapRecoApp.swift */; };
		4925089D26DCF7D3005169AE /* RootView.swift in Sources */ = {isa = PBXBuildFile; fileRef = 4925089C26DCF7D3005169AE /* RootView.swift */; };
		4925089F26DCF7D4005169AE /* Assets.xcassets in Resources */ = {isa = PBXBuildFile; fileRef = 4925089E26DCF7D4005169AE /* Assets.xcassets */; };
		492508A226DCF7D4005169AE /* Preview Assets.xcassets in Resources */ = {isa = PBXBuildFile; fileRef = 492508A126DCF7D4005169AE /* Preview Assets.xcassets */; };
		492508AD26DCF7D4005169AE /* TapRecoTests.swift in Sources */ = {isa = PBXBuildFile; fileRef = 492508AC26DCF7D4005169AE /* TapRecoTests.swift */; };
		492508B826DCF7D4005169AE /* TapRecoUITests.swift in Sources */ = {isa = PBXBuildFile; fileRef = 492508B726DCF7D4005169AE /* TapRecoUITests.swift */; };
		492DC57B28F4E33E00E7D3FB /* SortView.swift in Sources */ = {isa = PBXBuildFile; fileRef = 492DC57A28F4E33E00E7D3FB /* SortView.swift */; };
		492DC57D28F4E79D00E7D3FB /* SelectView.swift in Sources */ = {isa = PBXBuildFile; fileRef = 492DC57C28F4E79D00E7D3FB /* SelectView.swift */; };
		49409CC0275DDDCA003933BA /* Date+Extension.swift in Sources */ = {isa = PBXBuildFile; fileRef = 49409CBF275DDDCA003933BA /* Date+Extension.swift */; };
		4941A172276A1A1F00A80335 /* RecordListCardView.swift in Sources */ = {isa = PBXBuildFile; fileRef = 4941A171276A1A1F00A80335 /* RecordListCardView.swift */; };
		49488CF028EECDF10015CDFC /* RecordStore.swift in Sources */ = {isa = PBXBuildFile; fileRef = 49488CEF28EECDF10015CDFC /* RecordStore.swift */; };
		49488CF228EECF3E0015CDFC /* RecordingData.swift in Sources */ = {isa = PBXBuildFile; fileRef = 49488CF128EECF3E0015CDFC /* RecordingData.swift */; };
		494F57F728F1BC9700B2C79E /* IntroView.swift in Sources */ = {isa = PBXBuildFile; fileRef = 494F57F628F1BC9700B2C79E /* IntroView.swift */; };
		494F57FA28F1BFB200B2C79E /* IntroDetailView.swift in Sources */ = {isa = PBXBuildFile; fileRef = 494F57F928F1BFB200B2C79E /* IntroDetailView.swift */; };
		494F57FC28F2084C00B2C79E /* UserStrage.swift in Sources */ = {isa = PBXBuildFile; fileRef = 494F57FB28F2084C00B2C79E /* UserStrage.swift */; };
		494F57FE28F20BCC00B2C79E /* RecordListPlayerView.swift in Sources */ = {isa = PBXBuildFile; fileRef = 494F57FD28F20BCC00B2C79E /* RecordListPlayerView.swift */; };
		494F580028F25ECA00B2C79E /* ActivityViewController.swift in Sources */ = {isa = PBXBuildFile; fileRef = 494F57FF28F25ECA00B2C79E /* ActivityViewController.swift */; };
		4954D3B028F68F5E00F4128F /* MicrophoneVolumeLeftView.swift in Sources */ = {isa = PBXBuildFile; fileRef = 4954D3AF28F68F5E00F4128F /* MicrophoneVolumeLeftView.swift */; };
		4954D3B228F6907600F4128F /* MicrophoneVolumeRightView.swift in Sources */ = {isa = PBXBuildFile; fileRef = 4954D3B128F6907600F4128F /* MicrophoneVolumeRightView.swift */; };
		4954D3B428F6987F00F4128F /* SnackBarSuccessView.swift in Sources */ = {isa = PBXBuildFile; fileRef = 4954D3B328F6987F00F4128F /* SnackBarSuccessView.swift */; };
		4954D3D028F6ADC900F4128F /* Popup.swift in Sources */ = {isa = PBXBuildFile; fileRef = 4954D3CF28F6ADC900F4128F /* Popup.swift */; };
		4954D3D228F6B38B00F4128F /* SnackBarFailureView.swift in Sources */ = {isa = PBXBuildFile; fileRef = 4954D3D128F6B38B00F4128F /* SnackBarFailureView.swift */; };
		495B95F0277DA6A4009A393C /* SlideToUPUnlockView.swift in Sources */ = {isa = PBXBuildFile; fileRef = 495B95EF277DA6A4009A393C /* SlideToUPUnlockView.swift */; };
		495B95F2277DA6E6009A393C /* SlideUPActionView.swift in Sources */ = {isa = PBXBuildFile; fileRef = 495B95F1277DA6E6009A393C /* SlideUPActionView.swift */; };
		4962568728F2D5ED0044A6CD /* StartStopView.swift in Sources */ = {isa = PBXBuildFile; fileRef = 4962568628F2D5ED0044A6CD /* StartStopView.swift */; };
		4962568928F3B1E30044A6CD /* AppColor.swift in Sources */ = {isa = PBXBuildFile; fileRef = 4962568828F3B1E30044A6CD /* AppColor.swift */; };
		49856ECB26E474030015C12E /* AudioRecorder.swift in Sources */ = {isa = PBXBuildFile; fileRef = 49856ECA26E474030015C12E /* AudioRecorder.swift */; };
		49856ECE26E474B80015C12E /* AudioPlayer.swift in Sources */ = {isa = PBXBuildFile; fileRef = 49856ECD26E474B80015C12E /* AudioPlayer.swift */; };
		49856F4E26E633080015C12E /* MicrophoneLebelManager.swift in Sources */ = {isa = PBXBuildFile; fileRef = 49856F4D26E633080015C12E /* MicrophoneLebelManager.swift */; };
		49856F8926E6E76D0015C12E /* MicrophoneVolumeView.swift in Sources */ = {isa = PBXBuildFile; fileRef = 49856F8826E6E76D0015C12E /* MicrophoneVolumeView.swift */; };
		49940DD528EFEA9500A5E66D /* StandbyBackgroundView.swift in Sources */ = {isa = PBXBuildFile; fileRef = 49940DD428EFEA9500A5E66D /* StandbyBackgroundView.swift */; };
		49940DD728EFF0C200A5E66D /* StandbyTapableView.swift in Sources */ = {isa = PBXBuildFile; fileRef = 49940DD628EFF0C200A5E66D /* StandbyTapableView.swift */; };
		4999777D28F8E9D6009226DE /* EditDialogView.swift in Sources */ = {isa = PBXBuildFile; fileRef = 4999777C28F8E9D6009226DE /* EditDialogView.swift */; };
		499A48FA28F91D9400BE9C36 /* EditBarView.swift in Sources */ = {isa = PBXBuildFile; fileRef = 499A48F928F91D9400BE9C36 /* EditBarView.swift */; };
		499A48FC28F930A600BE9C36 /* ErrorWapper.swift in Sources */ = {isa = PBXBuildFile; fileRef = 499A48FB28F930A600BE9C36 /* ErrorWapper.swift */; };
		499A48FE28F930C500BE9C36 /* ErrorView.swift in Sources */ = {isa = PBXBuildFile; fileRef = 499A48FD28F930C500BE9C36 /* ErrorView.swift */; };
		499A490028F94A8000BE9C36 /* LocationManager.swift in Sources */ = {isa = PBXBuildFile; fileRef = 499A48FF28F94A8000BE9C36 /* LocationManager.swift */; };
		49BEE51F26EDDF460002C43B /* TimerHolder.swift in Sources */ = {isa = PBXBuildFile; fileRef = 49BEE51E26EDDF460002C43B /* TimerHolder.swift */; };
		49C0D12526E8DE6E00B3666E /* WaveView.swift in Sources */ = {isa = PBXBuildFile; fileRef = 49C0D12426E8DE6E00B3666E /* WaveView.swift */; };
		49C0D12C26E9033900B3666E /* SlideSideActionView.swift in Sources */ = {isa = PBXBuildFile; fileRef = 49C0D12B26E9033900B3666E /* SlideSideActionView.swift */; };
		49C0D12E26E904AA00B3666E /* SlideToActionView.swift in Sources */ = {isa = PBXBuildFile; fileRef = 49C0D12D26E904AA00B3666E /* SlideToActionView.swift */; };
		49C0D13026EA317500B3666E /* RecordingView.swift in Sources */ = {isa = PBXBuildFile; fileRef = 49C0D12F26EA317500B3666E /* RecordingView.swift */; };
		49C0D13226EA31C900B3666E /* StandbyView.swift in Sources */ = {isa = PBXBuildFile; fileRef = 49C0D13126EA31C900B3666E /* StandbyView.swift */; };
		49C53B272760D10E0062E6B3 /* RecordListHeaderView.swift in Sources */ = {isa = PBXBuildFile; fileRef = 49C53B262760D10E0062E6B3 /* RecordListHeaderView.swift */; };
		49D270EE28F433BC00AE503C /* SearchBarView.swift in Sources */ = {isa = PBXBuildFile; fileRef = 49D270ED28F433BC00AE503C /* SearchBarView.swift */; };
/* End PBXBuildFile section */

/* Begin PBXContainerItemProxy section */
		492508A926DCF7D4005169AE /* PBXContainerItemProxy */ = {
			isa = PBXContainerItemProxy;
			containerPortal = 4925088F26DCF7D3005169AE /* Project object */;
			proxyType = 1;
			remoteGlobalIDString = 4925089626DCF7D3005169AE;
			remoteInfo = TapReco;
		};
		492508B426DCF7D4005169AE /* PBXContainerItemProxy */ = {
			isa = PBXContainerItemProxy;
			containerPortal = 4925088F26DCF7D3005169AE /* Project object */;
			proxyType = 1;
			remoteGlobalIDString = 4925089626DCF7D3005169AE;
			remoteInfo = TapReco;
		};
/* End PBXContainerItemProxy section */

/* Begin PBXFileReference section */
		491DE9DD2758B8640084985B /* RecordListView.swift */ = {isa = PBXFileReference; lastKnownFileType = sourcecode.swift; path = RecordListView.swift; sourceTree = "<group>"; };
		4925089726DCF7D3005169AE /* TapReco.app */ = {isa = PBXFileReference; explicitFileType = wrapper.application; includeInIndex = 0; path = TapReco.app; sourceTree = BUILT_PRODUCTS_DIR; };
		4925089A26DCF7D3005169AE /* TapRecoApp.swift */ = {isa = PBXFileReference; lastKnownFileType = sourcecode.swift; path = TapRecoApp.swift; sourceTree = "<group>"; };
		4925089C26DCF7D3005169AE /* RootView.swift */ = {isa = PBXFileReference; lastKnownFileType = sourcecode.swift; path = RootView.swift; sourceTree = "<group>"; };
		4925089E26DCF7D4005169AE /* Assets.xcassets */ = {isa = PBXFileReference; lastKnownFileType = folder.assetcatalog; path = Assets.xcassets; sourceTree = "<group>"; };
		492508A126DCF7D4005169AE /* Preview Assets.xcassets */ = {isa = PBXFileReference; lastKnownFileType = folder.assetcatalog; path = "Preview Assets.xcassets"; sourceTree = "<group>"; };
		492508A326DCF7D4005169AE /* Info.plist */ = {isa = PBXFileReference; lastKnownFileType = text.plist.xml; path = Info.plist; sourceTree = "<group>"; };
		492508A826DCF7D4005169AE /* TapRecoTests.xctest */ = {isa = PBXFileReference; explicitFileType = wrapper.cfbundle; includeInIndex = 0; path = TapRecoTests.xctest; sourceTree = BUILT_PRODUCTS_DIR; };
		492508AC26DCF7D4005169AE /* TapRecoTests.swift */ = {isa = PBXFileReference; lastKnownFileType = sourcecode.swift; path = TapRecoTests.swift; sourceTree = "<group>"; };
		492508AE26DCF7D4005169AE /* Info.plist */ = {isa = PBXFileReference; lastKnownFileType = text.plist.xml; path = Info.plist; sourceTree = "<group>"; };
		492508B326DCF7D4005169AE /* TapRecoUITests.xctest */ = {isa = PBXFileReference; explicitFileType = wrapper.cfbundle; includeInIndex = 0; path = TapRecoUITests.xctest; sourceTree = BUILT_PRODUCTS_DIR; };
		492508B726DCF7D4005169AE /* TapRecoUITests.swift */ = {isa = PBXFileReference; lastKnownFileType = sourcecode.swift; path = TapRecoUITests.swift; sourceTree = "<group>"; };
		492508B926DCF7D4005169AE /* Info.plist */ = {isa = PBXFileReference; lastKnownFileType = text.plist.xml; path = Info.plist; sourceTree = "<group>"; };
		492DC57A28F4E33E00E7D3FB /* SortView.swift */ = {isa = PBXFileReference; lastKnownFileType = sourcecode.swift; path = SortView.swift; sourceTree = "<group>"; };
		492DC57C28F4E79D00E7D3FB /* SelectView.swift */ = {isa = PBXFileReference; lastKnownFileType = sourcecode.swift; path = SelectView.swift; sourceTree = "<group>"; };
		49409CBF275DDDCA003933BA /* Date+Extension.swift */ = {isa = PBXFileReference; lastKnownFileType = sourcecode.swift; path = "Date+Extension.swift"; sourceTree = "<group>"; };
		4941A171276A1A1F00A80335 /* RecordListCardView.swift */ = {isa = PBXFileReference; lastKnownFileType = sourcecode.swift; path = RecordListCardView.swift; sourceTree = "<group>"; };
		49488CEF28EECDF10015CDFC /* RecordStore.swift */ = {isa = PBXFileReference; lastKnownFileType = sourcecode.swift; path = RecordStore.swift; sourceTree = "<group>"; };
		49488CF128EECF3E0015CDFC /* RecordingData.swift */ = {isa = PBXFileReference; lastKnownFileType = sourcecode.swift; path = RecordingData.swift; sourceTree = "<group>"; };
		494F57F628F1BC9700B2C79E /* IntroView.swift */ = {isa = PBXFileReference; lastKnownFileType = sourcecode.swift; path = IntroView.swift; sourceTree = "<group>"; };
		494F57F928F1BFB200B2C79E /* IntroDetailView.swift */ = {isa = PBXFileReference; lastKnownFileType = sourcecode.swift; path = IntroDetailView.swift; sourceTree = "<group>"; };
		494F57FB28F2084C00B2C79E /* UserStrage.swift */ = {isa = PBXFileReference; lastKnownFileType = sourcecode.swift; path = UserStrage.swift; sourceTree = "<group>"; };
		494F57FD28F20BCC00B2C79E /* RecordListPlayerView.swift */ = {isa = PBXFileReference; lastKnownFileType = sourcecode.swift; path = RecordListPlayerView.swift; sourceTree = "<group>"; };
		494F57FF28F25ECA00B2C79E /* ActivityViewController.swift */ = {isa = PBXFileReference; lastKnownFileType = sourcecode.swift; path = ActivityViewController.swift; sourceTree = "<group>"; };
		4954D3AF28F68F5E00F4128F /* MicrophoneVolumeLeftView.swift */ = {isa = PBXFileReference; lastKnownFileType = sourcecode.swift; path = MicrophoneVolumeLeftView.swift; sourceTree = "<group>"; };
		4954D3B128F6907600F4128F /* MicrophoneVolumeRightView.swift */ = {isa = PBXFileReference; lastKnownFileType = sourcecode.swift; path = MicrophoneVolumeRightView.swift; sourceTree = "<group>"; };
		4954D3B328F6987F00F4128F /* SnackBarSuccessView.swift */ = {isa = PBXFileReference; lastKnownFileType = sourcecode.swift; path = SnackBarSuccessView.swift; sourceTree = "<group>"; };
		4954D3CF28F6ADC900F4128F /* Popup.swift */ = {isa = PBXFileReference; lastKnownFileType = sourcecode.swift; path = Popup.swift; sourceTree = "<group>"; };
		4954D3D128F6B38B00F4128F /* SnackBarFailureView.swift */ = {isa = PBXFileReference; lastKnownFileType = sourcecode.swift; path = SnackBarFailureView.swift; sourceTree = "<group>"; };
		495B95EF277DA6A4009A393C /* SlideToUPUnlockView.swift */ = {isa = PBXFileReference; lastKnownFileType = sourcecode.swift; path = SlideToUPUnlockView.swift; sourceTree = "<group>"; };
		495B95F1277DA6E6009A393C /* SlideUPActionView.swift */ = {isa = PBXFileReference; lastKnownFileType = sourcecode.swift; path = SlideUPActionView.swift; sourceTree = "<group>"; };
		4962568628F2D5ED0044A6CD /* StartStopView.swift */ = {isa = PBXFileReference; lastKnownFileType = sourcecode.swift; path = StartStopView.swift; sourceTree = "<group>"; };
		4962568828F3B1E30044A6CD /* AppColor.swift */ = {isa = PBXFileReference; lastKnownFileType = sourcecode.swift; path = AppColor.swift; sourceTree = "<group>"; };
		49856ECA26E474030015C12E /* AudioRecorder.swift */ = {isa = PBXFileReference; lastKnownFileType = sourcecode.swift; path = AudioRecorder.swift; sourceTree = "<group>"; };
		49856ECD26E474B80015C12E /* AudioPlayer.swift */ = {isa = PBXFileReference; lastKnownFileType = sourcecode.swift; path = AudioPlayer.swift; sourceTree = "<group>"; };
		49856F4D26E633080015C12E /* MicrophoneLebelManager.swift */ = {isa = PBXFileReference; lastKnownFileType = sourcecode.swift; path = MicrophoneLebelManager.swift; sourceTree = "<group>"; };
		49856F8826E6E76D0015C12E /* MicrophoneVolumeView.swift */ = {isa = PBXFileReference; lastKnownFileType = sourcecode.swift; path = MicrophoneVolumeView.swift; sourceTree = "<group>"; };
		49940DD428EFEA9500A5E66D /* StandbyBackgroundView.swift */ = {isa = PBXFileReference; fileEncoding = 4; lastKnownFileType = sourcecode.swift; path = StandbyBackgroundView.swift; sourceTree = "<group>"; };
		49940DD628EFF0C200A5E66D /* StandbyTapableView.swift */ = {isa = PBXFileReference; lastKnownFileType = sourcecode.swift; path = StandbyTapableView.swift; sourceTree = "<group>"; };
		4999777C28F8E9D6009226DE /* EditDialogView.swift */ = {isa = PBXFileReference; lastKnownFileType = sourcecode.swift; path = EditDialogView.swift; sourceTree = "<group>"; };
		499A48F928F91D9400BE9C36 /* EditBarView.swift */ = {isa = PBXFileReference; lastKnownFileType = sourcecode.swift; path = EditBarView.swift; sourceTree = "<group>"; };
		499A48FB28F930A600BE9C36 /* ErrorWapper.swift */ = {isa = PBXFileReference; lastKnownFileType = sourcecode.swift; path = ErrorWapper.swift; sourceTree = "<group>"; };
		499A48FD28F930C500BE9C36 /* ErrorView.swift */ = {isa = PBXFileReference; lastKnownFileType = sourcecode.swift; path = ErrorView.swift; sourceTree = "<group>"; };
		499A48FF28F94A8000BE9C36 /* LocationManager.swift */ = {isa = PBXFileReference; lastKnownFileType = sourcecode.swift; path = LocationManager.swift; sourceTree = "<group>"; };
		49BEE51E26EDDF460002C43B /* TimerHolder.swift */ = {isa = PBXFileReference; lastKnownFileType = sourcecode.swift; path = TimerHolder.swift; sourceTree = "<group>"; };
		49C0D12426E8DE6E00B3666E /* WaveView.swift */ = {isa = PBXFileReference; lastKnownFileType = sourcecode.swift; path = WaveView.swift; sourceTree = "<group>"; };
		49C0D12B26E9033900B3666E /* SlideSideActionView.swift */ = {isa = PBXFileReference; lastKnownFileType = sourcecode.swift; path = SlideSideActionView.swift; sourceTree = "<group>"; };
		49C0D12D26E904AA00B3666E /* SlideToActionView.swift */ = {isa = PBXFileReference; lastKnownFileType = sourcecode.swift; path = SlideToActionView.swift; sourceTree = "<group>"; };
		49C0D12F26EA317500B3666E /* RecordingView.swift */ = {isa = PBXFileReference; lastKnownFileType = sourcecode.swift; path = RecordingView.swift; sourceTree = "<group>"; };
		49C0D13126EA31C900B3666E /* StandbyView.swift */ = {isa = PBXFileReference; lastKnownFileType = sourcecode.swift; path = StandbyView.swift; sourceTree = "<group>"; };
		49C53B262760D10E0062E6B3 /* RecordListHeaderView.swift */ = {isa = PBXFileReference; lastKnownFileType = sourcecode.swift; path = RecordListHeaderView.swift; sourceTree = "<group>"; };
		49D270ED28F433BC00AE503C /* SearchBarView.swift */ = {isa = PBXFileReference; lastKnownFileType = sourcecode.swift; path = SearchBarView.swift; sourceTree = "<group>"; };
/* End PBXFileReference section */

/* Begin PBXFrameworksBuildPhase section */
		4925089426DCF7D3005169AE /* Frameworks */ = {
			isa = PBXFrameworksBuildPhase;
			buildActionMask = 2147483647;
			files = (
			);
			runOnlyForDeploymentPostprocessing = 0;
		};
		492508A526DCF7D4005169AE /* Frameworks */ = {
			isa = PBXFrameworksBuildPhase;
			buildActionMask = 2147483647;
			files = (
			);
			runOnlyForDeploymentPostprocessing = 0;
		};
		492508B026DCF7D4005169AE /* Frameworks */ = {
			isa = PBXFrameworksBuildPhase;
			buildActionMask = 2147483647;
			files = (
			);
			runOnlyForDeploymentPostprocessing = 0;
		};
/* End PBXFrameworksBuildPhase section */

/* Begin PBXGroup section */
		491DE9DB2758B8460084985B /* RecordList */ = {
			isa = PBXGroup;
			children = (
				491DE9DD2758B8640084985B /* RecordListView.swift */,
				49C53B252760D0E80062E6B3 /* Component */,
			);
			path = RecordList;
			sourceTree = "<group>";
		};
		4925088E26DCF7D3005169AE = {
			isa = PBXGroup;
			children = (
				4925089926DCF7D3005169AE /* TapReco */,
				492508AB26DCF7D4005169AE /* TapRecoTests */,
				492508B626DCF7D4005169AE /* TapRecoUITests */,
				4925089826DCF7D3005169AE /* Products */,
			);
			sourceTree = "<group>";
		};
		4925089826DCF7D3005169AE /* Products */ = {
			isa = PBXGroup;
			children = (
				4925089726DCF7D3005169AE /* TapReco.app */,
				492508A826DCF7D4005169AE /* TapRecoTests.xctest */,
				492508B326DCF7D4005169AE /* TapRecoUITests.xctest */,
			);
			name = Products;
			sourceTree = "<group>";
		};
		4925089926DCF7D3005169AE /* TapReco */ = {
			isa = PBXGroup;
			children = (
				49856ECC26E474A40015C12E /* Utility */,
				49856F8626E6E7070015C12E /* View */,
				4994CC3926E78D6E003A34ED /* Recource */,
				492508A326DCF7D4005169AE /* Info.plist */,
				492508A026DCF7D4005169AE /* Preview Content */,
			);
			path = TapReco;
			sourceTree = "<group>";
		};
		492508A026DCF7D4005169AE /* Preview Content */ = {
			isa = PBXGroup;
			children = (
				492508A126DCF7D4005169AE /* Preview Assets.xcassets */,
			);
			path = "Preview Content";
			sourceTree = "<group>";
		};
		492508AB26DCF7D4005169AE /* TapRecoTests */ = {
			isa = PBXGroup;
			children = (
				492508AC26DCF7D4005169AE /* TapRecoTests.swift */,
				492508AE26DCF7D4005169AE /* Info.plist */,
			);
			path = TapRecoTests;
			sourceTree = "<group>";
		};
		492508B626DCF7D4005169AE /* TapRecoUITests */ = {
			isa = PBXGroup;
			children = (
				492508B726DCF7D4005169AE /* TapRecoUITests.swift */,
				492508B926DCF7D4005169AE /* Info.plist */,
			);
			path = TapRecoUITests;
			sourceTree = "<group>";
		};
		49409CBE275DDDBC003933BA /* Extension */ = {
			isa = PBXGroup;
			children = (
				49409CBF275DDDCA003933BA /* Date+Extension.swift */,
			);
			path = Extension;
			sourceTree = "<group>";
		};
		494F57F528F1BC8300B2C79E /* Intro */ = {
			isa = PBXGroup;
			children = (
				494F57F628F1BC9700B2C79E /* IntroView.swift */,
				494F57F928F1BFB200B2C79E /* IntroDetailView.swift */,
				494F57F828F1BF0900B2C79E /* Component */,
			);
			path = Intro;
			sourceTree = "<group>";
		};
		494F57F828F1BF0900B2C79E /* Component */ = {
			isa = PBXGroup;
			children = (
			);
			path = Component;
			sourceTree = "<group>";
		};
		49856ECC26E474A40015C12E /* Utility */ = {
			isa = PBXGroup;
			children = (
				49C5513D28DC3BC700133B7D /* Model */,
				49409CBE275DDDBC003933BA /* Extension */,
				49856ECD26E474B80015C12E /* AudioPlayer.swift */,
				49856ECA26E474030015C12E /* AudioRecorder.swift */,
				49856F4D26E633080015C12E /* MicrophoneLebelManager.swift */,
				49BEE51E26EDDF460002C43B /* TimerHolder.swift */,
				494F57FB28F2084C00B2C79E /* UserStrage.swift */,
				4962568828F3B1E30044A6CD /* AppColor.swift */,
				4954D3CF28F6ADC900F4128F /* Popup.swift */,
				499A48FF28F94A8000BE9C36 /* LocationManager.swift */,
			);
			path = Utility;
			sourceTree = "<group>";
		};
		49856F8626E6E7070015C12E /* View */ = {
			isa = PBXGroup;
			children = (
				4925089A26DCF7D3005169AE /* TapRecoApp.swift */,
				4925089C26DCF7D3005169AE /* RootView.swift */,
				499A48FD28F930C500BE9C36 /* ErrorView.swift */,
				494F57F528F1BC8300B2C79E /* Intro */,
				49C0D13326EA331E00B3666E /* Standby */,
				491DE9DB2758B8460084985B /* RecordList */,
				49C0D13426EA332C00B3666E /* Recording */,
			);
			path = View;
			sourceTree = "<group>";
		};
		49856F8726E6E7380015C12E /* MicrophoneVolumeView */ = {
			isa = PBXGroup;
			children = (
				49856F8826E6E76D0015C12E /* MicrophoneVolumeView.swift */,
				4954D3AF28F68F5E00F4128F /* MicrophoneVolumeLeftView.swift */,
				4954D3B128F6907600F4128F /* MicrophoneVolumeRightView.swift */,
				49C0D12A26E9030500B3666E /* WaveView */,
			);
			path = MicrophoneVolumeView;
			sourceTree = "<group>";
		};
		49940DD828EFF1A100A5E66D /* Component */ = {
			isa = PBXGroup;
			children = (
				49940DD428EFEA9500A5E66D /* StandbyBackgroundView.swift */,
				49940DD628EFF0C200A5E66D /* StandbyTapableView.swift */,
				4954D3B328F6987F00F4128F /* SnackBarSuccessView.swift */,
				4954D3D128F6B38B00F4128F /* SnackBarFailureView.swift */,
			);
			path = Component;
			sourceTree = "<group>";
		};
		4994CC3926E78D6E003A34ED /* Recource */ = {
			isa = PBXGroup;
			children = (
				4925089E26DCF7D4005169AE /* Assets.xcassets */,
			);
			path = Recource;
			sourceTree = "<group>";
		};
		49C0D12926E902F500B3666E /* SlideToUnlock */ = {
			isa = PBXGroup;
			children = (
				49C0D12B26E9033900B3666E /* SlideSideActionView.swift */,
				49C0D12D26E904AA00B3666E /* SlideToActionView.swift */,
				495B95EF277DA6A4009A393C /* SlideToUPUnlockView.swift */,
				495B95F1277DA6E6009A393C /* SlideUPActionView.swift */,
			);
			path = SlideToUnlock;
			sourceTree = "<group>";
		};
		49C0D12A26E9030500B3666E /* WaveView */ = {
			isa = PBXGroup;
			children = (
				49C0D12426E8DE6E00B3666E /* WaveView.swift */,
			);
			path = WaveView;
			sourceTree = "<group>";
		};
		49C0D13326EA331E00B3666E /* Standby */ = {
			isa = PBXGroup;
			children = (
				49C0D13126EA31C900B3666E /* StandbyView.swift */,
				49940DD828EFF1A100A5E66D /* Component */,
			);
			path = Standby;
			sourceTree = "<group>";
		};
		49C0D13426EA332C00B3666E /* Recording */ = {
			isa = PBXGroup;
			children = (
				49C0D12F26EA317500B3666E /* RecordingView.swift */,
				49C0D13526EA336600B3666E /* Component */,
			);
			path = Recording;
			sourceTree = "<group>";
		};
		49C0D13526EA336600B3666E /* Component */ = {
			isa = PBXGroup;
			children = (
				49856F8726E6E7380015C12E /* MicrophoneVolumeView */,
				49C0D12926E902F500B3666E /* SlideToUnlock */,
			);
			path = Component;
			sourceTree = "<group>";
		};
		49C53B252760D0E80062E6B3 /* Component */ = {
			isa = PBXGroup;
			children = (
				49C53B262760D10E0062E6B3 /* RecordListHeaderView.swift */,
				4941A171276A1A1F00A80335 /* RecordListCardView.swift */,
				494F57FF28F25ECA00B2C79E /* ActivityViewController.swift */,
				494F57FD28F20BCC00B2C79E /* RecordListPlayerView.swift */,
				4962568628F2D5ED0044A6CD /* StartStopView.swift */,
				49D270ED28F433BC00AE503C /* SearchBarView.swift */,
				492DC57A28F4E33E00E7D3FB /* SortView.swift */,
				492DC57C28F4E79D00E7D3FB /* SelectView.swift */,
				4999777C28F8E9D6009226DE /* EditDialogView.swift */,
				499A48F928F91D9400BE9C36 /* EditBarView.swift */,
			);
			path = Component;
			sourceTree = "<group>";
		};
		49C5513D28DC3BC700133B7D /* Model */ = {
			isa = PBXGroup;
			children = (
				49488CF128EECF3E0015CDFC /* RecordingData.swift */,
				49488CEF28EECDF10015CDFC /* RecordStore.swift */,
				499A48FB28F930A600BE9C36 /* ErrorWapper.swift */,
			);
			path = Model;
			sourceTree = "<group>";
		};
/* End PBXGroup section */

/* Begin PBXNativeTarget section */
		4925089626DCF7D3005169AE /* TapReco */ = {
			isa = PBXNativeTarget;
			buildConfigurationList = 492508BC26DCF7D4005169AE /* Build configuration list for PBXNativeTarget "TapReco" */;
			buildPhases = (
				4925089326DCF7D3005169AE /* Sources */,
				4925089426DCF7D3005169AE /* Frameworks */,
				4925089526DCF7D3005169AE /* Resources */,
			);
			buildRules = (
			);
			dependencies = (
			);
			name = TapReco;
			packageProductDependencies = (
			);
			productName = TapReco;
			productReference = 4925089726DCF7D3005169AE /* TapReco.app */;
			productType = "com.apple.product-type.application";
		};
		492508A726DCF7D4005169AE /* TapRecoTests */ = {
			isa = PBXNativeTarget;
			buildConfigurationList = 492508BF26DCF7D4005169AE /* Build configuration list for PBXNativeTarget "TapRecoTests" */;
			buildPhases = (
				492508A426DCF7D4005169AE /* Sources */,
				492508A526DCF7D4005169AE /* Frameworks */,
				492508A626DCF7D4005169AE /* Resources */,
			);
			buildRules = (
			);
			dependencies = (
				492508AA26DCF7D4005169AE /* PBXTargetDependency */,
			);
			name = TapRecoTests;
			productName = TapRecoTests;
			productReference = 492508A826DCF7D4005169AE /* TapRecoTests.xctest */;
			productType = "com.apple.product-type.bundle.unit-test";
		};
		492508B226DCF7D4005169AE /* TapRecoUITests */ = {
			isa = PBXNativeTarget;
			buildConfigurationList = 492508C226DCF7D4005169AE /* Build configuration list for PBXNativeTarget "TapRecoUITests" */;
			buildPhases = (
				492508AF26DCF7D4005169AE /* Sources */,
				492508B026DCF7D4005169AE /* Frameworks */,
				492508B126DCF7D4005169AE /* Resources */,
			);
			buildRules = (
			);
			dependencies = (
				492508B526DCF7D4005169AE /* PBXTargetDependency */,
			);
			name = TapRecoUITests;
			productName = TapRecoUITests;
			productReference = 492508B326DCF7D4005169AE /* TapRecoUITests.xctest */;
			productType = "com.apple.product-type.bundle.ui-testing";
		};
/* End PBXNativeTarget section */

/* Begin PBXProject section */
		4925088F26DCF7D3005169AE /* Project object */ = {
			isa = PBXProject;
			attributes = {
				LastSwiftUpdateCheck = 1250;
				LastUpgradeCheck = 1250;
				TargetAttributes = {
					4925089626DCF7D3005169AE = {
						CreatedOnToolsVersion = 12.5.1;
					};
					492508A726DCF7D4005169AE = {
						CreatedOnToolsVersion = 12.5.1;
						TestTargetID = 4925089626DCF7D3005169AE;
					};
					492508B226DCF7D4005169AE = {
						CreatedOnToolsVersion = 12.5.1;
						TestTargetID = 4925089626DCF7D3005169AE;
					};
				};
			};
			buildConfigurationList = 4925089226DCF7D3005169AE /* Build configuration list for PBXProject "TapReco" */;
			compatibilityVersion = "Xcode 9.3";
			developmentRegion = en;
			hasScannedForEncodings = 0;
			knownRegions = (
				en,
				Base,
			);
			mainGroup = 4925088E26DCF7D3005169AE;
			packageReferences = (
			);
			productRefGroup = 4925089826DCF7D3005169AE /* Products */;
			projectDirPath = "";
			projectRoot = "";
			targets = (
				4925089626DCF7D3005169AE /* TapReco */,
				492508A726DCF7D4005169AE /* TapRecoTests */,
				492508B226DCF7D4005169AE /* TapRecoUITests */,
			);
		};
/* End PBXProject section */

/* Begin PBXResourcesBuildPhase section */
		4925089526DCF7D3005169AE /* Resources */ = {
			isa = PBXResourcesBuildPhase;
			buildActionMask = 2147483647;
			files = (
				492508A226DCF7D4005169AE /* Preview Assets.xcassets in Resources */,
				4925089F26DCF7D4005169AE /* Assets.xcassets in Resources */,
			);
			runOnlyForDeploymentPostprocessing = 0;
		};
		492508A626DCF7D4005169AE /* Resources */ = {
			isa = PBXResourcesBuildPhase;
			buildActionMask = 2147483647;
			files = (
			);
			runOnlyForDeploymentPostprocessing = 0;
		};
		492508B126DCF7D4005169AE /* Resources */ = {
			isa = PBXResourcesBuildPhase;
			buildActionMask = 2147483647;
			files = (
			);
			runOnlyForDeploymentPostprocessing = 0;
		};
/* End PBXResourcesBuildPhase section */

/* Begin PBXSourcesBuildPhase section */
		4925089326DCF7D3005169AE /* Sources */ = {
			isa = PBXSourcesBuildPhase;
			buildActionMask = 2147483647;
			files = (
				4954D3D228F6B38B00F4128F /* SnackBarFailureView.swift in Sources */,
				49856ECB26E474030015C12E /* AudioRecorder.swift in Sources */,
				4925089D26DCF7D3005169AE /* RootView.swift in Sources */,
				4962568928F3B1E30044A6CD /* AppColor.swift in Sources */,
				4999777D28F8E9D6009226DE /* EditDialogView.swift in Sources */,
				49856F4E26E633080015C12E /* MicrophoneLebelManager.swift in Sources */,
				4954D3D028F6ADC900F4128F /* Popup.swift in Sources */,
				4941A172276A1A1F00A80335 /* RecordListCardView.swift in Sources */,
				4954D3B228F6907600F4128F /* MicrophoneVolumeRightView.swift in Sources */,
				49BEE51F26EDDF460002C43B /* TimerHolder.swift in Sources */,
				492DC57D28F4E79D00E7D3FB /* SelectView.swift in Sources */,
				495B95F2277DA6E6009A393C /* SlideUPActionView.swift in Sources */,
				49409CC0275DDDCA003933BA /* Date+Extension.swift in Sources */,
				49C0D13226EA31C900B3666E /* StandbyView.swift in Sources */,
				4925089B26DCF7D3005169AE /* TapRecoApp.swift in Sources */,
				49D270EE28F433BC00AE503C /* SearchBarView.swift in Sources */,
				49856F8926E6E76D0015C12E /* MicrophoneVolumeView.swift in Sources */,
				49940DD728EFF0C200A5E66D /* StandbyTapableView.swift in Sources */,
				494F580028F25ECA00B2C79E /* ActivityViewController.swift in Sources */,
				49940DD528EFEA9500A5E66D /* StandbyBackgroundView.swift in Sources */,
				494F57FE28F20BCC00B2C79E /* RecordListPlayerView.swift in Sources */,
				499A48FC28F930A600BE9C36 /* ErrorWapper.swift in Sources */,
				499A48FE28F930C500BE9C36 /* ErrorView.swift in Sources */,
				49856ECE26E474B80015C12E /* AudioPlayer.swift in Sources */,
				494F57FA28F1BFB200B2C79E /* IntroDetailView.swift in Sources */,
				49488CF228EECF3E0015CDFC /* RecordingData.swift in Sources */,
				49C53B272760D10E0062E6B3 /* RecordListHeaderView.swift in Sources */,
				494F57FC28F2084C00B2C79E /* UserStrage.swift in Sources */,
				4954D3B028F68F5E00F4128F /* MicrophoneVolumeLeftView.swift in Sources */,
				491DE9DE2758B8640084985B /* RecordListView.swift in Sources */,
				49C0D13026EA317500B3666E /* RecordingView.swift in Sources */,
				492DC57B28F4E33E00E7D3FB /* SortView.swift in Sources */,
				4962568728F2D5ED0044A6CD /* StartStopView.swift in Sources */,
				494F57F728F1BC9700B2C79E /* IntroView.swift in Sources */,
				49C0D12C26E9033900B3666E /* SlideSideActionView.swift in Sources */,
				495B95F0277DA6A4009A393C /* SlideToUPUnlockView.swift in Sources */,
				49C0D12526E8DE6E00B3666E /* WaveView.swift in Sources */,
				4954D3B428F6987F00F4128F /* SnackBarSuccessView.swift in Sources */,
				499A490028F94A8000BE9C36 /* LocationManager.swift in Sources */,
				499A48FA28F91D9400BE9C36 /* EditBarView.swift in Sources */,
				49C0D12E26E904AA00B3666E /* SlideToActionView.swift in Sources */,
				49488CF028EECDF10015CDFC /* RecordStore.swift in Sources */,
			);
			runOnlyForDeploymentPostprocessing = 0;
		};
		492508A426DCF7D4005169AE /* Sources */ = {
			isa = PBXSourcesBuildPhase;
			buildActionMask = 2147483647;
			files = (
				492508AD26DCF7D4005169AE /* TapRecoTests.swift in Sources */,
			);
			runOnlyForDeploymentPostprocessing = 0;
		};
		492508AF26DCF7D4005169AE /* Sources */ = {
			isa = PBXSourcesBuildPhase;
			buildActionMask = 2147483647;
			files = (
				492508B826DCF7D4005169AE /* TapRecoUITests.swift in Sources */,
			);
			runOnlyForDeploymentPostprocessing = 0;
		};
/* End PBXSourcesBuildPhase section */

/* Begin PBXTargetDependency section */
		492508AA26DCF7D4005169AE /* PBXTargetDependency */ = {
			isa = PBXTargetDependency;
			target = 4925089626DCF7D3005169AE /* TapReco */;
			targetProxy = 492508A926DCF7D4005169AE /* PBXContainerItemProxy */;
		};
		492508B526DCF7D4005169AE /* PBXTargetDependency */ = {
			isa = PBXTargetDependency;
			target = 4925089626DCF7D3005169AE /* TapReco */;
			targetProxy = 492508B426DCF7D4005169AE /* PBXContainerItemProxy */;
		};
/* End PBXTargetDependency section */

/* Begin XCBuildConfiguration section */
		492508BA26DCF7D4005169AE /* Debug */ = {
			isa = XCBuildConfiguration;
			buildSettings = {
				ALWAYS_SEARCH_USER_PATHS = NO;
				CLANG_ANALYZER_NONNULL = YES;
				CLANG_ANALYZER_NUMBER_OBJECT_CONVERSION = YES_AGGRESSIVE;
				CLANG_CXX_LANGUAGE_STANDARD = "gnu++14";
				CLANG_CXX_LIBRARY = "libc++";
				CLANG_ENABLE_MODULES = YES;
				CLANG_ENABLE_OBJC_ARC = YES;
				CLANG_ENABLE_OBJC_WEAK = YES;
				CLANG_WARN_BLOCK_CAPTURE_AUTORELEASING = YES;
				CLANG_WARN_BOOL_CONVERSION = YES;
				CLANG_WARN_COMMA = YES;
				CLANG_WARN_CONSTANT_CONVERSION = YES;
				CLANG_WARN_DEPRECATED_OBJC_IMPLEMENTATIONS = YES;
				CLANG_WARN_DIRECT_OBJC_ISA_USAGE = YES_ERROR;
				CLANG_WARN_DOCUMENTATION_COMMENTS = YES;
				CLANG_WARN_EMPTY_BODY = YES;
				CLANG_WARN_ENUM_CONVERSION = YES;
				CLANG_WARN_INFINITE_RECURSION = YES;
				CLANG_WARN_INT_CONVERSION = YES;
				CLANG_WARN_NON_LITERAL_NULL_CONVERSION = YES;
				CLANG_WARN_OBJC_IMPLICIT_RETAIN_SELF = YES;
				CLANG_WARN_OBJC_LITERAL_CONVERSION = YES;
				CLANG_WARN_OBJC_ROOT_CLASS = YES_ERROR;
				CLANG_WARN_QUOTED_INCLUDE_IN_FRAMEWORK_HEADER = YES;
				CLANG_WARN_RANGE_LOOP_ANALYSIS = YES;
				CLANG_WARN_STRICT_PROTOTYPES = YES;
				CLANG_WARN_SUSPICIOUS_MOVE = YES;
				CLANG_WARN_UNGUARDED_AVAILABILITY = YES_AGGRESSIVE;
				CLANG_WARN_UNREACHABLE_CODE = YES;
				CLANG_WARN__DUPLICATE_METHOD_MATCH = YES;
				COPY_PHASE_STRIP = NO;
				DEBUG_INFORMATION_FORMAT = dwarf;
				ENABLE_STRICT_OBJC_MSGSEND = YES;
				ENABLE_TESTABILITY = YES;
				GCC_C_LANGUAGE_STANDARD = gnu11;
				GCC_DYNAMIC_NO_PIC = NO;
				GCC_NO_COMMON_BLOCKS = YES;
				GCC_OPTIMIZATION_LEVEL = 0;
				GCC_PREPROCESSOR_DEFINITIONS = (
					"DEBUG=1",
					"$(inherited)",
				);
				GCC_WARN_64_TO_32_BIT_CONVERSION = YES;
				GCC_WARN_ABOUT_RETURN_TYPE = YES_ERROR;
				GCC_WARN_UNDECLARED_SELECTOR = YES;
				GCC_WARN_UNINITIALIZED_AUTOS = YES_AGGRESSIVE;
				GCC_WARN_UNUSED_FUNCTION = YES;
				GCC_WARN_UNUSED_VARIABLE = YES;
				INFOPLIST_KEY_CFBundleDisplayName = "たぷれこ";
				IPHONEOS_DEPLOYMENT_TARGET = 15.0;
				MTL_ENABLE_DEBUG_INFO = INCLUDE_SOURCE;
				MTL_FAST_MATH = YES;
				ONLY_ACTIVE_ARCH = YES;
				SDKROOT = iphoneos;
				SWIFT_ACTIVE_COMPILATION_CONDITIONS = DEBUG;
				SWIFT_OPTIMIZATION_LEVEL = "-Onone";
			};
			name = Debug;
		};
		492508BB26DCF7D4005169AE /* Release */ = {
			isa = XCBuildConfiguration;
			buildSettings = {
				ALWAYS_SEARCH_USER_PATHS = NO;
				CLANG_ANALYZER_NONNULL = YES;
				CLANG_ANALYZER_NUMBER_OBJECT_CONVERSION = YES_AGGRESSIVE;
				CLANG_CXX_LANGUAGE_STANDARD = "gnu++14";
				CLANG_CXX_LIBRARY = "libc++";
				CLANG_ENABLE_MODULES = YES;
				CLANG_ENABLE_OBJC_ARC = YES;
				CLANG_ENABLE_OBJC_WEAK = YES;
				CLANG_WARN_BLOCK_CAPTURE_AUTORELEASING = YES;
				CLANG_WARN_BOOL_CONVERSION = YES;
				CLANG_WARN_COMMA = YES;
				CLANG_WARN_CONSTANT_CONVERSION = YES;
				CLANG_WARN_DEPRECATED_OBJC_IMPLEMENTATIONS = YES;
				CLANG_WARN_DIRECT_OBJC_ISA_USAGE = YES_ERROR;
				CLANG_WARN_DOCUMENTATION_COMMENTS = YES;
				CLANG_WARN_EMPTY_BODY = YES;
				CLANG_WARN_ENUM_CONVERSION = YES;
				CLANG_WARN_INFINITE_RECURSION = YES;
				CLANG_WARN_INT_CONVERSION = YES;
				CLANG_WARN_NON_LITERAL_NULL_CONVERSION = YES;
				CLANG_WARN_OBJC_IMPLICIT_RETAIN_SELF = YES;
				CLANG_WARN_OBJC_LITERAL_CONVERSION = YES;
				CLANG_WARN_OBJC_ROOT_CLASS = YES_ERROR;
				CLANG_WARN_QUOTED_INCLUDE_IN_FRAMEWORK_HEADER = YES;
				CLANG_WARN_RANGE_LOOP_ANALYSIS = YES;
				CLANG_WARN_STRICT_PROTOTYPES = YES;
				CLANG_WARN_SUSPICIOUS_MOVE = YES;
				CLANG_WARN_UNGUARDED_AVAILABILITY = YES_AGGRESSIVE;
				CLANG_WARN_UNREACHABLE_CODE = YES;
				CLANG_WARN__DUPLICATE_METHOD_MATCH = YES;
				COPY_PHASE_STRIP = NO;
				DEBUG_INFORMATION_FORMAT = "dwarf-with-dsym";
				ENABLE_NS_ASSERTIONS = NO;
				ENABLE_STRICT_OBJC_MSGSEND = YES;
				GCC_C_LANGUAGE_STANDARD = gnu11;
				GCC_NO_COMMON_BLOCKS = YES;
				GCC_WARN_64_TO_32_BIT_CONVERSION = YES;
				GCC_WARN_ABOUT_RETURN_TYPE = YES_ERROR;
				GCC_WARN_UNDECLARED_SELECTOR = YES;
				GCC_WARN_UNINITIALIZED_AUTOS = YES_AGGRESSIVE;
				GCC_WARN_UNUSED_FUNCTION = YES;
				GCC_WARN_UNUSED_VARIABLE = YES;
				INFOPLIST_KEY_CFBundleDisplayName = "たぷれこ";
				IPHONEOS_DEPLOYMENT_TARGET = 15.0;
				MTL_ENABLE_DEBUG_INFO = NO;
				MTL_FAST_MATH = YES;
				SDKROOT = iphoneos;
				SWIFT_COMPILATION_MODE = wholemodule;
				SWIFT_OPTIMIZATION_LEVEL = "-O";
				VALIDATE_PRODUCT = YES;
			};
			name = Release;
		};
		492508BD26DCF7D4005169AE /* Debug */ = {
			isa = XCBuildConfiguration;
			buildSettings = {
				ASSETCATALOG_COMPILER_APPICON_NAME = AppIcon;
				ASSETCATALOG_COMPILER_GLOBAL_ACCENT_COLOR_NAME = AccentColor;
				CODE_SIGN_STYLE = Automatic;
				CURRENT_PROJECT_VERSION = 2;
				DEVELOPMENT_ASSET_PATHS = "\"TapReco/Preview Content\"";
				DEVELOPMENT_TEAM = 24BSY9Z4H5;
				ENABLE_PREVIEWS = YES;
				INFOPLIST_FILE = TapReco/Info.plist;
				IPHONEOS_DEPLOYMENT_TARGET = 16.0;
				LD_RUNPATH_SEARCH_PATHS = (
					"$(inherited)",
					"@executable_path/Frameworks",
				);
				MARKETING_VERSION = 1.0.1;
				PRODUCT_BUNDLE_IDENTIFIER = harumidiv.TapReco;
				PRODUCT_NAME = "$(TARGET_NAME)";
				SWIFT_VERSION = 5.0;
				TARGETED_DEVICE_FAMILY = 1;
			};
			name = Debug;
		};
		492508BE26DCF7D4005169AE /* Release */ = {
			isa = XCBuildConfiguration;
			buildSettings = {
				ASSETCATALOG_COMPILER_APPICON_NAME = AppIcon;
				ASSETCATALOG_COMPILER_GLOBAL_ACCENT_COLOR_NAME = AccentColor;
				CODE_SIGN_STYLE = Automatic;
				CURRENT_PROJECT_VERSION = 2;
				DEVELOPMENT_ASSET_PATHS = "\"TapReco/Preview Content\"";
				DEVELOPMENT_TEAM = 24BSY9Z4H5;
				ENABLE_PREVIEWS = YES;
				INFOPLIST_FILE = TapReco/Info.plist;
				IPHONEOS_DEPLOYMENT_TARGET = 16.0;
				LD_RUNPATH_SEARCH_PATHS = (
					"$(inherited)",
					"@executable_path/Frameworks",
				);
				MARKETING_VERSION = 1.0.1;
				PRODUCT_BUNDLE_IDENTIFIER = harumidiv.TapReco;
				PRODUCT_NAME = "$(TARGET_NAME)";
				SWIFT_VERSION = 5.0;
				TARGETED_DEVICE_FAMILY = 1;
			};
			name = Release;
		};
		492508C026DCF7D4005169AE /* Debug */ = {
			isa = XCBuildConfiguration;
			buildSettings = {
				ALWAYS_EMBED_SWIFT_STANDARD_LIBRARIES = YES;
				BUNDLE_LOADER = "$(TEST_HOST)";
				CODE_SIGN_STYLE = Automatic;
				DEVELOPMENT_TEAM = 24BSY9Z4H5;
				INFOPLIST_FILE = TapRecoTests/Info.plist;
				IPHONEOS_DEPLOYMENT_TARGET = 15.0;
				LD_RUNPATH_SEARCH_PATHS = (
					"$(inherited)",
					"@executable_path/Frameworks",
					"@loader_path/Frameworks",
				);
				PRODUCT_BUNDLE_IDENTIFIER = harumidiv.TapRecoTests;
				PRODUCT_NAME = "$(TARGET_NAME)";
				SWIFT_VERSION = 5.0;
				TARGETED_DEVICE_FAMILY = "1,2";
				TEST_HOST = "$(BUILT_PRODUCTS_DIR)/TapReco.app/TapReco";
			};
			name = Debug;
		};
		492508C126DCF7D4005169AE /* Release */ = {
			isa = XCBuildConfiguration;
			buildSettings = {
				ALWAYS_EMBED_SWIFT_STANDARD_LIBRARIES = YES;
				BUNDLE_LOADER = "$(TEST_HOST)";
				CODE_SIGN_STYLE = Automatic;
				DEVELOPMENT_TEAM = 24BSY9Z4H5;
				INFOPLIST_FILE = TapRecoTests/Info.plist;
				IPHONEOS_DEPLOYMENT_TARGET = 15.0;
				LD_RUNPATH_SEARCH_PATHS = (
					"$(inherited)",
					"@executable_path/Frameworks",
					"@loader_path/Frameworks",
				);
				PRODUCT_BUNDLE_IDENTIFIER = harumidiv.TapRecoTests;
				PRODUCT_NAME = "$(TARGET_NAME)";
				SWIFT_VERSION = 5.0;
				TARGETED_DEVICE_FAMILY = "1,2";
				TEST_HOST = "$(BUILT_PRODUCTS_DIR)/TapReco.app/TapReco";
			};
			name = Release;
		};
		492508C326DCF7D4005169AE /* Debug */ = {
			isa = XCBuildConfiguration;
			buildSettings = {
				ALWAYS_EMBED_SWIFT_STANDARD_LIBRARIES = YES;
				CODE_SIGN_STYLE = Automatic;
				DEVELOPMENT_TEAM = 24BSY9Z4H5;
				INFOPLIST_FILE = TapRecoUITests/Info.plist;
				LD_RUNPATH_SEARCH_PATHS = (
					"$(inherited)",
					"@executable_path/Frameworks",
					"@loader_path/Frameworks",
				);
				PRODUCT_BUNDLE_IDENTIFIER = harumidiv.TapRecoUITests;
				PRODUCT_NAME = "$(TARGET_NAME)";
				SWIFT_VERSION = 5.0;
				TARGETED_DEVICE_FAMILY = "1,2";
				TEST_TARGET_NAME = TapReco;
			};
			name = Debug;
		};
		492508C426DCF7D4005169AE /* Release */ = {
			isa = XCBuildConfiguration;
			buildSettings = {
				ALWAYS_EMBED_SWIFT_STANDARD_LIBRARIES = YES;
				CODE_SIGN_STYLE = Automatic;
				DEVELOPMENT_TEAM = 24BSY9Z4H5;
				INFOPLIST_FILE = TapRecoUITests/Info.plist;
				LD_RUNPATH_SEARCH_PATHS = (
					"$(inherited)",
					"@executable_path/Frameworks",
					"@loader_path/Frameworks",
				);
				PRODUCT_BUNDLE_IDENTIFIER = harumidiv.TapRecoUITests;
				PRODUCT_NAME = "$(TARGET_NAME)";
				SWIFT_VERSION = 5.0;
				TARGETED_DEVICE_FAMILY = "1,2";
				TEST_TARGET_NAME = TapReco;
			};
			name = Release;
		};
/* End XCBuildConfiguration section */

/* Begin XCConfigurationList section */
		4925089226DCF7D3005169AE /* Build configuration list for PBXProject "TapReco" */ = {
			isa = XCConfigurationList;
			buildConfigurations = (
				492508BA26DCF7D4005169AE /* Debug */,
				492508BB26DCF7D4005169AE /* Release */,
			);
			defaultConfigurationIsVisible = 0;
			defaultConfigurationName = Release;
		};
		492508BC26DCF7D4005169AE /* Build configuration list for PBXNativeTarget "TapReco" */ = {
			isa = XCConfigurationList;
			buildConfigurations = (
				492508BD26DCF7D4005169AE /* Debug */,
				492508BE26DCF7D4005169AE /* Release */,
			);
			defaultConfigurationIsVisible = 0;
			defaultConfigurationName = Release;
		};
		492508BF26DCF7D4005169AE /* Build configuration list for PBXNativeTarget "TapRecoTests" */ = {
			isa = XCConfigurationList;
			buildConfigurations = (
				492508C026DCF7D4005169AE /* Debug */,
				492508C126DCF7D4005169AE /* Release */,
			);
			defaultConfigurationIsVisible = 0;
			defaultConfigurationName = Release;
		};
		492508C226DCF7D4005169AE /* Build configuration list for PBXNativeTarget "TapRecoUITests" */ = {
			isa = XCConfigurationList;
			buildConfigurations = (
				492508C326DCF7D4005169AE /* Debug */,
				492508C426DCF7D4005169AE /* Release */,
			);
			defaultConfigurationIsVisible = 0;
			defaultConfigurationName = Release;
		};
/* End XCConfigurationList section */
	};
	rootObject = 4925088F26DCF7D3005169AE /* Project object */;
}
